// !$*UTF8*$!
{
	archiveVersion = 1;
	classes = {
	};
	objectVersion = 55;
	objects = {

/* Begin PBXBuildFile section */
		423AAC3D2833C0A300447E3D /* YoutubeToMp3APIResponseItem.swift in Sources */ = {isa = PBXBuildFile; fileRef = 423AAC3C2833C0A300447E3D /* YoutubeToMp3APIResponseItem.swift */; };
		423AAC3F2833C14400447E3D /* YoutubeToMp3ResponseUploadedAt.swift in Sources */ = {isa = PBXBuildFile; fileRef = 423AAC3E2833C14400447E3D /* YoutubeToMp3ResponseUploadedAt.swift */; };
		424B6A7528046029009A043E /* YouTubeiOSPlayerHelper in Frameworks */ = {isa = PBXBuildFile; productRef = 424B6A7428046029009A043E /* YouTubeiOSPlayerHelper */; };
		428B7D1D28044D22003DBBB9 /* AppDelegate.swift in Sources */ = {isa = PBXBuildFile; fileRef = 428B7D1C28044D22003DBBB9 /* AppDelegate.swift */; };
		428B7D1F28044D22003DBBB9 /* SceneDelegate.swift in Sources */ = {isa = PBXBuildFile; fileRef = 428B7D1E28044D22003DBBB9 /* SceneDelegate.swift */; };
		428B7D2128044D22003DBBB9 /* VideoPlayerViewController.swift in Sources */ = {isa = PBXBuildFile; fileRef = 428B7D2028044D22003DBBB9 /* VideoPlayerViewController.swift */; };
		428B7D2428044D22003DBBB9 /* Main.storyboard in Resources */ = {isa = PBXBuildFile; fileRef = 428B7D2228044D22003DBBB9 /* Main.storyboard */; };
		428B7D2628044D23003DBBB9 /* Assets.xcassets in Resources */ = {isa = PBXBuildFile; fileRef = 428B7D2528044D23003DBBB9 /* Assets.xcassets */; };
		428B7D2928044D23003DBBB9 /* LaunchScreen.storyboard in Resources */ = {isa = PBXBuildFile; fileRef = 428B7D2728044D23003DBBB9 /* LaunchScreen.storyboard */; };
		429533B9282BE9DD0007EA6C /* YouTubeSearchResultItem.swift in Sources */ = {isa = PBXBuildFile; fileRef = 429533B8282BE9DD0007EA6C /* YouTubeSearchResultItem.swift */; };
		429533BB282BEA5F0007EA6C /* YouTubeSearchResultID.swift in Sources */ = {isa = PBXBuildFile; fileRef = 429533BA282BEA5F0007EA6C /* YouTubeSearchResultID.swift */; };
		429533BD282BEAB60007EA6C /* YouTubeSearchResultSnippet.swift in Sources */ = {isa = PBXBuildFile; fileRef = 429533BC282BEAB60007EA6C /* YouTubeSearchResultSnippet.swift */; };
		429533BF282BEB4B0007EA6C /* YouTubeSearchResultSnippetThumbnails.swift in Sources */ = {isa = PBXBuildFile; fileRef = 429533BE282BEB4B0007EA6C /* YouTubeSearchResultSnippetThumbnails.swift */; };
		429533C1282BECC50007EA6C /* YouTubeSearchResultSnippetThumbnailData.swift in Sources */ = {isa = PBXBuildFile; fileRef = 429533C0282BECC50007EA6C /* YouTubeSearchResultSnippetThumbnailData.swift */; };
		429533C3282BF1FA0007EA6C /* YouTubeSearchListResponse.swift in Sources */ = {isa = PBXBuildFile; fileRef = 429533C2282BF1FA0007EA6C /* YouTubeSearchListResponse.swift */; };
		429533C5282BF2540007EA6C /* YouTubeSearchListResponsePageInfo.swift in Sources */ = {isa = PBXBuildFile; fileRef = 429533C4282BF2540007EA6C /* YouTubeSearchListResponsePageInfo.swift */; };
		429533C9282BFF680007EA6C /* Constants.swift in Sources */ = {isa = PBXBuildFile; fileRef = 429533C8282BFF680007EA6C /* Constants.swift */; };
		429533CD282C02600007EA6C /* SearchResultTableViewController.swift in Sources */ = {isa = PBXBuildFile; fileRef = 429533CC282C02600007EA6C /* SearchResultTableViewController.swift */; };
		429533CF282C10840007EA6C /* SearchBarViewController.swift in Sources */ = {isa = PBXBuildFile; fileRef = 429533CE282C10840007EA6C /* SearchBarViewController.swift */; };
		429E739B282D0A2F0073899E /* SearchResultCell.swift in Sources */ = {isa = PBXBuildFile; fileRef = 429E739A282D0A2F0073899E /* SearchResultCell.swift */; };
		429E739D282D32600073899E /* Extensions.swift in Sources */ = {isa = PBXBuildFile; fileRef = 429E739C282D32600073899E /* Extensions.swift */; };
		42AC3DCF282E715F003F1695 /* API_KEY.swift in Sources */ = {isa = PBXBuildFile; fileRef = 42AC3DCE282E715F003F1695 /* API_KEY.swift */; };
		42AC3DD1282E728F003F1695 /* Fetcher.swift in Sources */ = {isa = PBXBuildFile; fileRef = 42AC3DD0282E728F003F1695 /* Fetcher.swift */; };
		42B027792819414300A86E58 /* SampleViewController.swift in Sources */ = {isa = PBXBuildFile; fileRef = 42B027782819414300A86E58 /* SampleViewController.swift */; };
		42FEBFA228339F88001DB53C /* YOUTUBE_DOWNLOADER_API_TOKEN.swift in Sources */ = {isa = PBXBuildFile; fileRef = 42FEBFA128339F88001DB53C /* YOUTUBE_DOWNLOADER_API_TOKEN.swift */; };
/* End PBXBuildFile section */

/* Begin PBXFileReference section */
		423AAC3C2833C0A300447E3D /* YoutubeToMp3APIResponseItem.swift */ = {isa = PBXFileReference; lastKnownFileType = sourcecode.swift; path = YoutubeToMp3APIResponseItem.swift; sourceTree = "<group>"; };
		423AAC3E2833C14400447E3D /* YoutubeToMp3ResponseUploadedAt.swift */ = {isa = PBXFileReference; lastKnownFileType = sourcecode.swift; path = YoutubeToMp3ResponseUploadedAt.swift; sourceTree = "<group>"; };
		428B7D1928044D22003DBBB9 /* PirateRadio.app */ = {isa = PBXFileReference; explicitFileType = wrapper.application; includeInIndex = 0; path = PirateRadio.app; sourceTree = BUILT_PRODUCTS_DIR; };
		428B7D1C28044D22003DBBB9 /* AppDelegate.swift */ = {isa = PBXFileReference; lastKnownFileType = sourcecode.swift; path = AppDelegate.swift; sourceTree = "<group>"; };
		428B7D1E28044D22003DBBB9 /* SceneDelegate.swift */ = {isa = PBXFileReference; lastKnownFileType = sourcecode.swift; path = SceneDelegate.swift; sourceTree = "<group>"; };
		428B7D2028044D22003DBBB9 /* VideoPlayerViewController.swift */ = {isa = PBXFileReference; lastKnownFileType = sourcecode.swift; path = VideoPlayerViewController.swift; sourceTree = "<group>"; };
		428B7D2328044D22003DBBB9 /* Base */ = {isa = PBXFileReference; lastKnownFileType = file.storyboard; name = Base; path = Base.lproj/Main.storyboard; sourceTree = "<group>"; };
		428B7D2528044D23003DBBB9 /* Assets.xcassets */ = {isa = PBXFileReference; lastKnownFileType = folder.assetcatalog; path = Assets.xcassets; sourceTree = "<group>"; };
		428B7D2828044D23003DBBB9 /* Base */ = {isa = PBXFileReference; lastKnownFileType = file.storyboard; name = Base; path = Base.lproj/LaunchScreen.storyboard; sourceTree = "<group>"; };
		428B7D2A28044D23003DBBB9 /* Info.plist */ = {isa = PBXFileReference; lastKnownFileType = text.plist.xml; path = Info.plist; sourceTree = "<group>"; };
		429533B8282BE9DD0007EA6C /* YouTubeSearchResultItem.swift */ = {isa = PBXFileReference; lastKnownFileType = sourcecode.swift; path = YouTubeSearchResultItem.swift; sourceTree = "<group>"; };
		429533BA282BEA5F0007EA6C /* YouTubeSearchResultID.swift */ = {isa = PBXFileReference; lastKnownFileType = sourcecode.swift; path = YouTubeSearchResultID.swift; sourceTree = "<group>"; };
		429533BC282BEAB60007EA6C /* YouTubeSearchResultSnippet.swift */ = {isa = PBXFileReference; lastKnownFileType = sourcecode.swift; path = YouTubeSearchResultSnippet.swift; sourceTree = "<group>"; };
		429533BE282BEB4B0007EA6C /* YouTubeSearchResultSnippetThumbnails.swift */ = {isa = PBXFileReference; lastKnownFileType = sourcecode.swift; path = YouTubeSearchResultSnippetThumbnails.swift; sourceTree = "<group>"; };
		429533C0282BECC50007EA6C /* YouTubeSearchResultSnippetThumbnailData.swift */ = {isa = PBXFileReference; lastKnownFileType = sourcecode.swift; path = YouTubeSearchResultSnippetThumbnailData.swift; sourceTree = "<group>"; };
		429533C2282BF1FA0007EA6C /* YouTubeSearchListResponse.swift */ = {isa = PBXFileReference; lastKnownFileType = sourcecode.swift; path = YouTubeSearchListResponse.swift; sourceTree = "<group>"; };
		429533C4282BF2540007EA6C /* YouTubeSearchListResponsePageInfo.swift */ = {isa = PBXFileReference; lastKnownFileType = sourcecode.swift; path = YouTubeSearchListResponsePageInfo.swift; sourceTree = "<group>"; };
		429533C8282BFF680007EA6C /* Constants.swift */ = {isa = PBXFileReference; lastKnownFileType = sourcecode.swift; path = Constants.swift; sourceTree = "<group>"; };
		429533CC282C02600007EA6C /* SearchResultTableViewController.swift */ = {isa = PBXFileReference; lastKnownFileType = sourcecode.swift; path = SearchResultTableViewController.swift; sourceTree = "<group>"; };
		429533CE282C10840007EA6C /* SearchBarViewController.swift */ = {isa = PBXFileReference; lastKnownFileType = sourcecode.swift; path = SearchBarViewController.swift; sourceTree = "<group>"; };
		429E739A282D0A2F0073899E /* SearchResultCell.swift */ = {isa = PBXFileReference; lastKnownFileType = sourcecode.swift; path = SearchResultCell.swift; sourceTree = "<group>"; };
		429E739C282D32600073899E /* Extensions.swift */ = {isa = PBXFileReference; lastKnownFileType = sourcecode.swift; path = Extensions.swift; sourceTree = "<group>"; };
		42AC3DCE282E715F003F1695 /* API_KEY.swift */ = {isa = PBXFileReference; lastKnownFileType = sourcecode.swift; path = API_KEY.swift; sourceTree = "<group>"; };
		42AC3DD0282E728F003F1695 /* Fetcher.swift */ = {isa = PBXFileReference; lastKnownFileType = sourcecode.swift; path = Fetcher.swift; sourceTree = "<group>"; };
		42B027782819414300A86E58 /* SampleViewController.swift */ = {isa = PBXFileReference; lastKnownFileType = sourcecode.swift; path = SampleViewController.swift; sourceTree = "<group>"; };
		42FEBFA128339F88001DB53C /* YOUTUBE_DOWNLOADER_API_TOKEN.swift */ = {isa = PBXFileReference; lastKnownFileType = sourcecode.swift; path = YOUTUBE_DOWNLOADER_API_TOKEN.swift; sourceTree = "<group>"; };
/* End PBXFileReference section */

/* Begin PBXFrameworksBuildPhase section */
		428B7D1628044D22003DBBB9 /* Frameworks */ = {
			isa = PBXFrameworksBuildPhase;
			buildActionMask = 2147483647;
			files = (
				424B6A7528046029009A043E /* YouTubeiOSPlayerHelper in Frameworks */,
			);
			runOnlyForDeploymentPostprocessing = 0;
		};
/* End PBXFrameworksBuildPhase section */

/* Begin PBXGroup section */
		04FD044A7D778F1340A8512B /* Frameworks */ = {
			isa = PBXGroup;
			children = (
			);
			name = Frameworks;
			sourceTree = "<group>";
		};
		428B7D1028044D22003DBBB9 = {
			isa = PBXGroup;
			children = (
				428B7D1B28044D22003DBBB9 /* PirateRadio */,
				428B7D1A28044D22003DBBB9 /* Products */,
				04FD044A7D778F1340A8512B /* Frameworks */,
			);
			sourceTree = "<group>";
		};
		428B7D1A28044D22003DBBB9 /* Products */ = {
			isa = PBXGroup;
			children = (
				428B7D1928044D22003DBBB9 /* PirateRadio.app */,
			);
			name = Products;
			sourceTree = "<group>";
		};
		428B7D1B28044D22003DBBB9 /* PirateRadio */ = {
			isa = PBXGroup;
			children = (
				429533B7282BE9BC0007EA6C /* Models */,
				428B7D1C28044D22003DBBB9 /* AppDelegate.swift */,
				428B7D1E28044D22003DBBB9 /* SceneDelegate.swift */,
				42B027782819414300A86E58 /* SampleViewController.swift */,
				428B7D2028044D22003DBBB9 /* VideoPlayerViewController.swift */,
				429533CE282C10840007EA6C /* SearchBarViewController.swift */,
				429E739A282D0A2F0073899E /* SearchResultCell.swift */,
				429533CC282C02600007EA6C /* SearchResultTableViewController.swift */,
				42AC3DD0282E728F003F1695 /* Fetcher.swift */,
				428B7D2228044D22003DBBB9 /* Main.storyboard */,
				428B7D2528044D23003DBBB9 /* Assets.xcassets */,
				428B7D2728044D23003DBBB9 /* LaunchScreen.storyboard */,
				428B7D2A28044D23003DBBB9 /* Info.plist */,
				42AC3DCE282E715F003F1695 /* API_KEY.swift */,
				42FEBFA128339F88001DB53C /* YOUTUBE_DOWNLOADER_API_TOKEN.swift */,
				429533C8282BFF680007EA6C /* Constants.swift */,
				429E739C282D32600073899E /* Extensions.swift */,
			);
			path = PirateRadio;
			sourceTree = "<group>";
		};
		429533B7282BE9BC0007EA6C /* Models */ = {
			isa = PBXGroup;
			children = (
				429533BA282BEA5F0007EA6C /* YouTubeSearchResultID.swift */,
				429533C0282BECC50007EA6C /* YouTubeSearchResultSnippetThumbnailData.swift */,
				429533BE282BEB4B0007EA6C /* YouTubeSearchResultSnippetThumbnails.swift */,
				429533BC282BEAB60007EA6C /* YouTubeSearchResultSnippet.swift */,
				429533B8282BE9DD0007EA6C /* YouTubeSearchResultItem.swift */,
				429533C4282BF2540007EA6C /* YouTubeSearchListResponsePageInfo.swift */,
				429533C2282BF1FA0007EA6C /* YouTubeSearchListResponse.swift */,
				423AAC3C2833C0A300447E3D /* YoutubeToMp3APIResponseItem.swift */,
				423AAC3E2833C14400447E3D /* YoutubeToMp3ResponseUploadedAt.swift */,
			);
			path = Models;
			sourceTree = "<group>";
		};
/* End PBXGroup section */

/* Begin PBXNativeTarget section */
		428B7D1828044D22003DBBB9 /* PirateRadio */ = {
			isa = PBXNativeTarget;
			buildConfigurationList = 428B7D2D28044D23003DBBB9 /* Build configuration list for PBXNativeTarget "PirateRadio" */;
			buildPhases = (
				428B7D1528044D22003DBBB9 /* Sources */,
				428B7D1628044D22003DBBB9 /* Frameworks */,
				428B7D1728044D22003DBBB9 /* Resources */,
			);
			buildRules = (
			);
			dependencies = (
			);
			name = PirateRadio;
			packageProductDependencies = (
				424B6A7428046029009A043E /* YouTubeiOSPlayerHelper */,
			);
			productName = PirateRadio;
			productReference = 428B7D1928044D22003DBBB9 /* PirateRadio.app */;
			productType = "com.apple.product-type.application";
		};
/* End PBXNativeTarget section */

/* Begin PBXProject section */
		428B7D1128044D22003DBBB9 /* Project object */ = {
			isa = PBXProject;
			attributes = {
				BuildIndependentTargetsInParallel = 1;
				LastSwiftUpdateCheck = 1310;
				LastUpgradeCheck = 1310;
				TargetAttributes = {
					428B7D1828044D22003DBBB9 = {
						CreatedOnToolsVersion = 13.1;
					};
				};
			};
			buildConfigurationList = 428B7D1428044D22003DBBB9 /* Build configuration list for PBXProject "PirateRadio" */;
			compatibilityVersion = "Xcode 13.0";
			developmentRegion = en;
			hasScannedForEncodings = 0;
			knownRegions = (
				en,
				Base,
			);
			mainGroup = 428B7D1028044D22003DBBB9;
			packageReferences = (
				424B6A7328046029009A043E /* XCRemoteSwiftPackageReference "youtube-ios-player-helper" */,
			);
			productRefGroup = 428B7D1A28044D22003DBBB9 /* Products */;
			projectDirPath = "";
			projectRoot = "";
			targets = (
				428B7D1828044D22003DBBB9 /* PirateRadio */,
			);
		};
/* End PBXProject section */

/* Begin PBXResourcesBuildPhase section */
		428B7D1728044D22003DBBB9 /* Resources */ = {
			isa = PBXResourcesBuildPhase;
			buildActionMask = 2147483647;
			files = (
				428B7D2928044D23003DBBB9 /* LaunchScreen.storyboard in Resources */,
				428B7D2628044D23003DBBB9 /* Assets.xcassets in Resources */,
				428B7D2428044D22003DBBB9 /* Main.storyboard in Resources */,
			);
			runOnlyForDeploymentPostprocessing = 0;
		};
/* End PBXResourcesBuildPhase section */

/* Begin PBXSourcesBuildPhase section */
		428B7D1528044D22003DBBB9 /* Sources */ = {
			isa = PBXSourcesBuildPhase;
			buildActionMask = 2147483647;
			files = (
				429533CF282C10840007EA6C /* SearchBarViewController.swift in Sources */,
				429533BD282BEAB60007EA6C /* YouTubeSearchResultSnippet.swift in Sources */,
				429533C1282BECC50007EA6C /* YouTubeSearchResultSnippetThumbnailData.swift in Sources */,
				42B027792819414300A86E58 /* SampleViewController.swift in Sources */,
				429E739B282D0A2F0073899E /* SearchResultCell.swift in Sources */,
				429533C3282BF1FA0007EA6C /* YouTubeSearchListResponse.swift in Sources */,
				428B7D2128044D22003DBBB9 /* VideoPlayerViewController.swift in Sources */,
				429533C5282BF2540007EA6C /* YouTubeSearchListResponsePageInfo.swift in Sources */,
				423AAC3D2833C0A300447E3D /* YoutubeToMp3APIResponseItem.swift in Sources */,
				428B7D1D28044D22003DBBB9 /* AppDelegate.swift in Sources */,
				429533BB282BEA5F0007EA6C /* YouTubeSearchResultID.swift in Sources */,
				42AC3DCF282E715F003F1695 /* API_KEY.swift in Sources */,
				428B7D1F28044D22003DBBB9 /* SceneDelegate.swift in Sources */,
				429E739D282D32600073899E /* Extensions.swift in Sources */,
				429533BF282BEB4B0007EA6C /* YouTubeSearchResultSnippetThumbnails.swift in Sources */,
				429533CD282C02600007EA6C /* SearchResultTableViewController.swift in Sources */,
				429533B9282BE9DD0007EA6C /* YouTubeSearchResultItem.swift in Sources */,
				429533C9282BFF680007EA6C /* Constants.swift in Sources */,
				42FEBFA228339F88001DB53C /* YOUTUBE_DOWNLOADER_API_TOKEN.swift in Sources */,
				423AAC3F2833C14400447E3D /* YoutubeToMp3ResponseUploadedAt.swift in Sources */,
				42AC3DD1282E728F003F1695 /* Fetcher.swift in Sources */,
			);
			runOnlyForDeploymentPostprocessing = 0;
		};
/* End PBXSourcesBuildPhase section */

/* Begin PBXVariantGroup section */
		428B7D2228044D22003DBBB9 /* Main.storyboard */ = {
			isa = PBXVariantGroup;
			children = (
				428B7D2328044D22003DBBB9 /* Base */,
			);
			name = Main.storyboard;
			sourceTree = "<group>";
		};
		428B7D2728044D23003DBBB9 /* LaunchScreen.storyboard */ = {
			isa = PBXVariantGroup;
			children = (
				428B7D2828044D23003DBBB9 /* Base */,
			);
			name = LaunchScreen.storyboard;
			sourceTree = "<group>";
		};
/* End PBXVariantGroup section */

/* Begin XCBuildConfiguration section */
		428B7D2B28044D23003DBBB9 /* Debug */ = {
			isa = XCBuildConfiguration;
			buildSettings = {
				ALWAYS_SEARCH_USER_PATHS = NO;
				CLANG_ANALYZER_NONNULL = YES;
				CLANG_ANALYZER_NUMBER_OBJECT_CONVERSION = YES_AGGRESSIVE;
				CLANG_CXX_LANGUAGE_STANDARD = "gnu++17";
				CLANG_CXX_LIBRARY = "libc++";
				CLANG_ENABLE_MODULES = YES;
				CLANG_ENABLE_OBJC_ARC = YES;
				CLANG_ENABLE_OBJC_WEAK = YES;
				CLANG_WARN_BLOCK_CAPTURE_AUTORELEASING = YES;
				CLANG_WARN_BOOL_CONVERSION = YES;
				CLANG_WARN_COMMA = YES;
				CLANG_WARN_CONSTANT_CONVERSION = YES;
				CLANG_WARN_DEPRECATED_OBJC_IMPLEMENTATIONS = YES;
				CLANG_WARN_DIRECT_OBJC_ISA_USAGE = YES_ERROR;
				CLANG_WARN_DOCUMENTATION_COMMENTS = YES;
				CLANG_WARN_EMPTY_BODY = YES;
				CLANG_WARN_ENUM_CONVERSION = YES;
				CLANG_WARN_INFINITE_RECURSION = YES;
				CLANG_WARN_INT_CONVERSION = YES;
				CLANG_WARN_NON_LITERAL_NULL_CONVERSION = YES;
				CLANG_WARN_OBJC_IMPLICIT_RETAIN_SELF = YES;
				CLANG_WARN_OBJC_LITERAL_CONVERSION = YES;
				CLANG_WARN_OBJC_ROOT_CLASS = YES_ERROR;
				CLANG_WARN_QUOTED_INCLUDE_IN_FRAMEWORK_HEADER = YES;
				CLANG_WARN_RANGE_LOOP_ANALYSIS = YES;
				CLANG_WARN_STRICT_PROTOTYPES = YES;
				CLANG_WARN_SUSPICIOUS_MOVE = YES;
				CLANG_WARN_UNGUARDED_AVAILABILITY = YES_AGGRESSIVE;
				CLANG_WARN_UNREACHABLE_CODE = YES;
				CLANG_WARN__DUPLICATE_METHOD_MATCH = YES;
				COPY_PHASE_STRIP = NO;
				DEBUG_INFORMATION_FORMAT = dwarf;
				ENABLE_STRICT_OBJC_MSGSEND = YES;
				ENABLE_TESTABILITY = YES;
				GCC_C_LANGUAGE_STANDARD = gnu11;
				GCC_DYNAMIC_NO_PIC = NO;
				GCC_NO_COMMON_BLOCKS = YES;
				GCC_OPTIMIZATION_LEVEL = 0;
				GCC_PREPROCESSOR_DEFINITIONS = (
					"DEBUG=1",
					"$(inherited)",
				);
				GCC_WARN_64_TO_32_BIT_CONVERSION = YES;
				GCC_WARN_ABOUT_RETURN_TYPE = YES_ERROR;
				GCC_WARN_UNDECLARED_SELECTOR = YES;
				GCC_WARN_UNINITIALIZED_AUTOS = YES_AGGRESSIVE;
				GCC_WARN_UNUSED_FUNCTION = YES;
				GCC_WARN_UNUSED_VARIABLE = YES;
				IPHONEOS_DEPLOYMENT_TARGET = 15.0;
				MTL_ENABLE_DEBUG_INFO = INCLUDE_SOURCE;
				MTL_FAST_MATH = YES;
				ONLY_ACTIVE_ARCH = YES;
				SDKROOT = iphoneos;
				SWIFT_ACTIVE_COMPILATION_CONDITIONS = DEBUG;
				SWIFT_OPTIMIZATION_LEVEL = "-Onone";
			};
			name = Debug;
		};
		428B7D2C28044D23003DBBB9 /* Release */ = {
			isa = XCBuildConfiguration;
			buildSettings = {
				ALWAYS_SEARCH_USER_PATHS = NO;
				CLANG_ANALYZER_NONNULL = YES;
				CLANG_ANALYZER_NUMBER_OBJECT_CONVERSION = YES_AGGRESSIVE;
				CLANG_CXX_LANGUAGE_STANDARD = "gnu++17";
				CLANG_CXX_LIBRARY = "libc++";
				CLANG_ENABLE_MODULES = YES;
				CLANG_ENABLE_OBJC_ARC = YES;
				CLANG_ENABLE_OBJC_WEAK = YES;
				CLANG_WARN_BLOCK_CAPTURE_AUTORELEASING = YES;
				CLANG_WARN_BOOL_CONVERSION = YES;
				CLANG_WARN_COMMA = YES;
				CLANG_WARN_CONSTANT_CONVERSION = YES;
				CLANG_WARN_DEPRECATED_OBJC_IMPLEMENTATIONS = YES;
				CLANG_WARN_DIRECT_OBJC_ISA_USAGE = YES_ERROR;
				CLANG_WARN_DOCUMENTATION_COMMENTS = YES;
				CLANG_WARN_EMPTY_BODY = YES;
				CLANG_WARN_ENUM_CONVERSION = YES;
				CLANG_WARN_INFINITE_RECURSION = YES;
				CLANG_WARN_INT_CONVERSION = YES;
				CLANG_WARN_NON_LITERAL_NULL_CONVERSION = YES;
				CLANG_WARN_OBJC_IMPLICIT_RETAIN_SELF = YES;
				CLANG_WARN_OBJC_LITERAL_CONVERSION = YES;
				CLANG_WARN_OBJC_ROOT_CLASS = YES_ERROR;
				CLANG_WARN_QUOTED_INCLUDE_IN_FRAMEWORK_HEADER = YES;
				CLANG_WARN_RANGE_LOOP_ANALYSIS = YES;
				CLANG_WARN_STRICT_PROTOTYPES = YES;
				CLANG_WARN_SUSPICIOUS_MOVE = YES;
				CLANG_WARN_UNGUARDED_AVAILABILITY = YES_AGGRESSIVE;
				CLANG_WARN_UNREACHABLE_CODE = YES;
				CLANG_WARN__DUPLICATE_METHOD_MATCH = YES;
				COPY_PHASE_STRIP = NO;
				DEBUG_INFORMATION_FORMAT = "dwarf-with-dsym";
				ENABLE_NS_ASSERTIONS = NO;
				ENABLE_STRICT_OBJC_MSGSEND = YES;
				GCC_C_LANGUAGE_STANDARD = gnu11;
				GCC_NO_COMMON_BLOCKS = YES;
				GCC_WARN_64_TO_32_BIT_CONVERSION = YES;
				GCC_WARN_ABOUT_RETURN_TYPE = YES_ERROR;
				GCC_WARN_UNDECLARED_SELECTOR = YES;
				GCC_WARN_UNINITIALIZED_AUTOS = YES_AGGRESSIVE;
				GCC_WARN_UNUSED_FUNCTION = YES;
				GCC_WARN_UNUSED_VARIABLE = YES;
				IPHONEOS_DEPLOYMENT_TARGET = 15.0;
				MTL_ENABLE_DEBUG_INFO = NO;
				MTL_FAST_MATH = YES;
				SDKROOT = iphoneos;
				SWIFT_COMPILATION_MODE = wholemodule;
				SWIFT_OPTIMIZATION_LEVEL = "-O";
				VALIDATE_PRODUCT = YES;
			};
			name = Release;
		};
		428B7D2E28044D23003DBBB9 /* Debug */ = {
			isa = XCBuildConfiguration;
			buildSettings = {
				ASSETCATALOG_COMPILER_APPICON_NAME = AppIcon;
				ASSETCATALOG_COMPILER_GLOBAL_ACCENT_COLOR_NAME = AccentColor;
				CODE_SIGN_STYLE = Automatic;
				CURRENT_PROJECT_VERSION = 1;
				GENERATE_INFOPLIST_FILE = YES;
				INFOPLIST_FILE = PirateRadio/Info.plist;
				INFOPLIST_KEY_UIApplicationSupportsIndirectInputEvents = YES;
				INFOPLIST_KEY_UILaunchStoryboardName = LaunchScreen;
				INFOPLIST_KEY_UIMainStoryboardFile = Main;
				INFOPLIST_KEY_UISupportedInterfaceOrientations_iPad = "UIInterfaceOrientationPortrait UIInterfaceOrientationPortraitUpsideDown UIInterfaceOrientationLandscapeLeft UIInterfaceOrientationLandscapeRight";
				INFOPLIST_KEY_UISupportedInterfaceOrientations_iPhone = "UIInterfaceOrientationPortrait UIInterfaceOrientationLandscapeLeft UIInterfaceOrientationLandscapeRight";
				LD_RUNPATH_SEARCH_PATHS = (
					"$(inherited)",
					"@executable_path/Frameworks",
				);
				MARKETING_VERSION = 1.0;
				PRODUCT_BUNDLE_IDENTIFIER = net.nemetschek.PirateRadio;
				PRODUCT_NAME = "$(TARGET_NAME)";
				SWIFT_EMIT_LOC_STRINGS = YES;
				SWIFT_VERSION = 5.0;
				TARGETED_DEVICE_FAMILY = "1,2";
			};
			name = Debug;
		};
		428B7D2F28044D23003DBBB9 /* Release */ = {
			isa = XCBuildConfiguration;
			buildSettings = {
				ASSETCATALOG_COMPILER_APPICON_NAME = AppIcon;
				ASSETCATALOG_COMPILER_GLOBAL_ACCENT_COLOR_NAME = AccentColor;
				CODE_SIGN_STYLE = Automatic;
				CURRENT_PROJECT_VERSION = 1;
				GENERATE_INFOPLIST_FILE = YES;
				INFOPLIST_FILE = PirateRadio/Info.plist;
				INFOPLIST_KEY_UIApplicationSupportsIndirectInputEvents = YES;
				INFOPLIST_KEY_UILaunchStoryboardName = LaunchScreen;
				INFOPLIST_KEY_UIMainStoryboardFile = Main;
				INFOPLIST_KEY_UISupportedInterfaceOrientations_iPad = "UIInterfaceOrientationPortrait UIInterfaceOrientationPortraitUpsideDown UIInterfaceOrientationLandscapeLeft UIInterfaceOrientationLandscapeRight";
				INFOPLIST_KEY_UISupportedInterfaceOrientations_iPhone = "UIInterfaceOrientationPortrait UIInterfaceOrientationLandscapeLeft UIInterfaceOrientationLandscapeRight";
				LD_RUNPATH_SEARCH_PATHS = (
					"$(inherited)",
					"@executable_path/Frameworks",
				);
				MARKETING_VERSION = 1.0;
				PRODUCT_BUNDLE_IDENTIFIER = net.nemetschek.PirateRadio;
				PRODUCT_NAME = "$(TARGET_NAME)";
				SWIFT_EMIT_LOC_STRINGS = YES;
				SWIFT_VERSION = 5.0;
				TARGETED_DEVICE_FAMILY = "1,2";
			};
			name = Release;
		};
/* End XCBuildConfiguration section */

/* Begin XCConfigurationList section */
		428B7D1428044D22003DBBB9 /* Build configuration list for PBXProject "PirateRadio" */ = {
			isa = XCConfigurationList;
			buildConfigurations = (
				428B7D2B28044D23003DBBB9 /* Debug */,
				428B7D2C28044D23003DBBB9 /* Release */,
			);
			defaultConfigurationIsVisible = 0;
			defaultConfigurationName = Release;
		};
		428B7D2D28044D23003DBBB9 /* Build configuration list for PBXNativeTarget "PirateRadio" */ = {
			isa = XCConfigurationList;
			buildConfigurations = (
				428B7D2E28044D23003DBBB9 /* Debug */,
				428B7D2F28044D23003DBBB9 /* Release */,
			);
			defaultConfigurationIsVisible = 0;
			defaultConfigurationName = Release;
		};
/* End XCConfigurationList section */

/* Begin XCRemoteSwiftPackageReference section */
		424B6A7328046029009A043E /* XCRemoteSwiftPackageReference "youtube-ios-player-helper" */ = {
			isa = XCRemoteSwiftPackageReference;
			repositoryURL = "https://github.com/youtube/youtube-ios-player-helper.git";
			requirement = {
				kind = upToNextMajorVersion;
				minimumVersion = 1.0.0;
			};
		};
/* End XCRemoteSwiftPackageReference section */

/* Begin XCSwiftPackageProductDependency section */
		424B6A7428046029009A043E /* YouTubeiOSPlayerHelper */ = {
			isa = XCSwiftPackageProductDependency;
			package = 424B6A7328046029009A043E /* XCRemoteSwiftPackageReference "youtube-ios-player-helper" */;
			productName = YouTubeiOSPlayerHelper;
		};
/* End XCSwiftPackageProductDependency section */
	};
	rootObject = 428B7D1128044D22003DBBB9 /* Project object */;
}
