// !$*UTF8*$!
{
	archiveVersion = 1;
	classes = {
	};
	objectVersion = 55;
	objects = {

/* Begin PBXBuildFile section */
		4201CE7C284A38D40091B484 /* Realm in Frameworks */ = {isa = PBXBuildFile; productRef = 4201CE7B284A38D40091B484 /* Realm */; };
		4201CE7E284A38D40091B484 /* RealmSwift in Frameworks */ = {isa = PBXBuildFile; productRef = 4201CE7D284A38D40091B484 /* RealmSwift */; };
		4201CE80284A41C10091B484 /* Playlist.swift in Sources */ = {isa = PBXBuildFile; fileRef = 4201CE7F284A41C10091B484 /* Playlist.swift */; };
		423AAC3D2833C0A300447E3D /* YoutubeToMp3APIResponseItem.swift in Sources */ = {isa = PBXBuildFile; fileRef = 423AAC3C2833C0A300447E3D /* YoutubeToMp3APIResponseItem.swift */; };
		423AAC3F2833C14400447E3D /* YoutubeToMp3ResponseUploadedAt.swift in Sources */ = {isa = PBXBuildFile; fileRef = 423AAC3E2833C14400447E3D /* YoutubeToMp3ResponseUploadedAt.swift */; };
		424B6A7528046029009A043E /* YouTubeiOSPlayerHelper in Frameworks */ = {isa = PBXBuildFile; productRef = 424B6A7428046029009A043E /* YouTubeiOSPlayerHelper */; };
		425C9CDF2836805100D996F6 /* Toast in Frameworks */ = {isa = PBXBuildFile; productRef = 425C9CDE2836805100D996F6 /* Toast */; };
		427E6FE42844E7490049C4FF /* AudioPlayer.swift in Sources */ = {isa = PBXBuildFile; fileRef = 427E6FE32844E7490049C4FF /* AudioPlayer.swift */; };
		428B7D1D28044D22003DBBB9 /* AppDelegate.swift in Sources */ = {isa = PBXBuildFile; fileRef = 428B7D1C28044D22003DBBB9 /* AppDelegate.swift */; };
		428B7D1F28044D22003DBBB9 /* SceneDelegate.swift in Sources */ = {isa = PBXBuildFile; fileRef = 428B7D1E28044D22003DBBB9 /* SceneDelegate.swift */; };
		428B7D2128044D22003DBBB9 /* VideoPlayerViewController.swift in Sources */ = {isa = PBXBuildFile; fileRef = 428B7D2028044D22003DBBB9 /* VideoPlayerViewController.swift */; };
		428B7D2428044D22003DBBB9 /* Main.storyboard in Resources */ = {isa = PBXBuildFile; fileRef = 428B7D2228044D22003DBBB9 /* Main.storyboard */; };
		428B7D2628044D23003DBBB9 /* Assets.xcassets in Resources */ = {isa = PBXBuildFile; fileRef = 428B7D2528044D23003DBBB9 /* Assets.xcassets */; };
		428B7D2928044D23003DBBB9 /* LaunchScreen.storyboard in Resources */ = {isa = PBXBuildFile; fileRef = 428B7D2728044D23003DBBB9 /* LaunchScreen.storyboard */; };
		429533B9282BE9DD0007EA6C /* YouTubeSearchResultItem.swift in Sources */ = {isa = PBXBuildFile; fileRef = 429533B8282BE9DD0007EA6C /* YouTubeSearchResultItem.swift */; };
		429533BB282BEA5F0007EA6C /* YouTubeSearchResultID.swift in Sources */ = {isa = PBXBuildFile; fileRef = 429533BA282BEA5F0007EA6C /* YouTubeSearchResultID.swift */; };
		429533BD282BEAB60007EA6C /* YouTubeSearchResultSnippet.swift in Sources */ = {isa = PBXBuildFile; fileRef = 429533BC282BEAB60007EA6C /* YouTubeSearchResultSnippet.swift */; };
		429533BF282BEB4B0007EA6C /* YouTubeSearchResultSnippetThumbnails.swift in Sources */ = {isa = PBXBuildFile; fileRef = 429533BE282BEB4B0007EA6C /* YouTubeSearchResultSnippetThumbnails.swift */; };
		429533C1282BECC50007EA6C /* YouTubeSearchResultSnippetThumbnailData.swift in Sources */ = {isa = PBXBuildFile; fileRef = 429533C0282BECC50007EA6C /* YouTubeSearchResultSnippetThumbnailData.swift */; };
		429533C3282BF1FA0007EA6C /* YouTubeSearchListResponse.swift in Sources */ = {isa = PBXBuildFile; fileRef = 429533C2282BF1FA0007EA6C /* YouTubeSearchListResponse.swift */; };
		429533C5282BF2540007EA6C /* YouTubeSearchListResponsePageInfo.swift in Sources */ = {isa = PBXBuildFile; fileRef = 429533C4282BF2540007EA6C /* YouTubeSearchListResponsePageInfo.swift */; };
		429533C9282BFF680007EA6C /* Constants.swift in Sources */ = {isa = PBXBuildFile; fileRef = 429533C8282BFF680007EA6C /* Constants.swift */; };
		429533CD282C02600007EA6C /* SearchResultTableViewController.swift in Sources */ = {isa = PBXBuildFile; fileRef = 429533CC282C02600007EA6C /* SearchResultTableViewController.swift */; };
		429533CF282C10840007EA6C /* SearchBarViewController.swift in Sources */ = {isa = PBXBuildFile; fileRef = 429533CE282C10840007EA6C /* SearchBarViewController.swift */; };
		429E739B282D0A2F0073899E /* SearchResultCell.swift in Sources */ = {isa = PBXBuildFile; fileRef = 429E739A282D0A2F0073899E /* SearchResultCell.swift */; };
		429E739D282D32600073899E /* Extensions.swift in Sources */ = {isa = PBXBuildFile; fileRef = 429E739C282D32600073899E /* Extensions.swift */; };
		429EA8562840BBFC00C79684 /* Song.swift in Sources */ = {isa = PBXBuildFile; fileRef = 429EA8552840BBFC00C79684 /* Song.swift */; };
		429EA8592840BE8800C79684 /* SongTableViewCell.swift in Sources */ = {isa = PBXBuildFile; fileRef = 429EA8582840BE8800C79684 /* SongTableViewCell.swift */; };
		429EA85B2840BEC300C79684 /* DownloadedSongsTableViewController.swift in Sources */ = {isa = PBXBuildFile; fileRef = 429EA85A2840BEC300C79684 /* DownloadedSongsTableViewController.swift */; };
		429EA85D2840C16F00C79684 /* DownloadedMP3sFileReader.swift in Sources */ = {isa = PBXBuildFile; fileRef = 429EA85C2840C16F00C79684 /* DownloadedMP3sFileReader.swift */; };
		429EA85F284108D000C79684 /* MusicPlayerLibraryTableViewController.swift in Sources */ = {isa = PBXBuildFile; fileRef = 429EA85E284108D000C79684 /* MusicPlayerLibraryTableViewController.swift */; };
		429EA8612841091C00C79684 /* MusicPlayerLibraryCell.swift in Sources */ = {isa = PBXBuildFile; fileRef = 429EA8602841091C00C79684 /* MusicPlayerLibraryCell.swift */; };
		429EA8632841162C00C79684 /* MusicPlayerLibraryMenuItem.swift in Sources */ = {isa = PBXBuildFile; fileRef = 429EA8622841162C00C79684 /* MusicPlayerLibraryMenuItem.swift */; };
		42AC3DD1282E728F003F1695 /* YoutubeFetcher.swift in Sources */ = {isa = PBXBuildFile; fileRef = 42AC3DD0282E728F003F1695 /* YoutubeFetcher.swift */; };
		42BBDC622850854C0087B96E /* RealmWrapper.swift in Sources */ = {isa = PBXBuildFile; fileRef = 42BBDC612850854C0087B96E /* RealmWrapper.swift */; };
		42BBDC642850C9370087B96E /* LASTFM_API_KEY.swift in Sources */ = {isa = PBXBuildFile; fileRef = 42BBDC632850C9370087B96E /* LASTFM_API_KEY.swift */; };
		42BBDC662850CA8E0087B96E /* YOUTUBE_API_KEY.swift in Sources */ = {isa = PBXBuildFile; fileRef = 42BBDC652850CA8E0087B96E /* YOUTUBE_API_KEY.swift */; };
		42BBDC682850D0BA0087B96E /* LastFMFetcher.swift in Sources */ = {isa = PBXBuildFile; fileRef = 42BBDC672850D0BA0087B96E /* LastFMFetcher.swift */; };
		42BBDC6B2850DBD40087B96E /* LastFMTrackSearchResponse.swift in Sources */ = {isa = PBXBuildFile; fileRef = 42BBDC6A2850DBD40087B96E /* LastFMTrackSearchResponse.swift */; };
		42BBDC6D2850DCFC0087B96E /* LastFMTrackSearchResults.swift in Sources */ = {isa = PBXBuildFile; fileRef = 42BBDC6C2850DCFC0087B96E /* LastFMTrackSearchResults.swift */; };
		42BBDC6F2850DEFF0087B96E /* LastFMTrackSearchQuery.swift in Sources */ = {isa = PBXBuildFile; fileRef = 42BBDC6E2850DEFF0087B96E /* LastFMTrackSearchQuery.swift */; };
		42BBDC712850DF2B0087B96E /* LastFMTrackSearchTrackmatches.swift in Sources */ = {isa = PBXBuildFile; fileRef = 42BBDC702850DF2B0087B96E /* LastFMTrackSearchTrackmatches.swift */; };
		42BBDC732850E0FD0087B96E /* LastFMTrackmatch.swift in Sources */ = {isa = PBXBuildFile; fileRef = 42BBDC722850E0FD0087B96E /* LastFMTrackmatch.swift */; };
		42BBDC752850E16C0087B96E /* LastFMTrackmatchImage.swift in Sources */ = {isa = PBXBuildFile; fileRef = 42BBDC742850E16C0087B96E /* LastFMTrackmatchImage.swift */; };
		42C86E08283BA5B70075C72A /* YouTubeVideoListResponse.swift in Sources */ = {isa = PBXBuildFile; fileRef = 42C86E07283BA5B70075C72A /* YouTubeVideoListResponse.swift */; };
		42C86E0A283BA60E0075C72A /* YouTubeListResponseItem.swift in Sources */ = {isa = PBXBuildFile; fileRef = 42C86E09283BA60E0075C72A /* YouTubeListResponseItem.swift */; };
		42C86E0D283BA7160075C72A /* YouTubeVideoListResponsePageInfo.swift in Sources */ = {isa = PBXBuildFile; fileRef = 42C86E0C283BA7160075C72A /* YouTubeVideoListResponsePageInfo.swift */; };
		42C86E0F283BA7A40075C72A /* YouTubeVideoContentDetails.swift in Sources */ = {isa = PBXBuildFile; fileRef = 42C86E0E283BA7A40075C72A /* YouTubeVideoContentDetails.swift */; };
		42C86E11283BA8BB0075C72A /* YouTubeVideoContentRating.swift in Sources */ = {isa = PBXBuildFile; fileRef = 42C86E10283BA8BB0075C72A /* YouTubeVideoContentRating.swift */; };
		42CDAE6C2857405100A1B1E6 /* LibraryViewController.swift in Sources */ = {isa = PBXBuildFile; fileRef = 42CDAE6B2857405100A1B1E6 /* LibraryViewController.swift */; };
		42CE7AFC283FBBFE00378A1A /* MusicPlayerSongsViewController.swift in Sources */ = {isa = PBXBuildFile; fileRef = 42CE7AFB283FBBFE00378A1A /* MusicPlayerSongsViewController.swift */; };
		42DBDCEE28520A4F00F56B9E /* LastFMTrackSearchAttr.swift in Sources */ = {isa = PBXBuildFile; fileRef = 42DBDCED28520A4F00F56B9E /* LastFMTrackSearchAttr.swift */; };
		42DBDCF12852239600F56B9E /* TrackGetInfoResponse.swift in Sources */ = {isa = PBXBuildFile; fileRef = 42DBDCF02852239600F56B9E /* TrackGetInfoResponse.swift */; };
		42DBDCF3285223ED00F56B9E /* TrackGetInfoResponseTrack.swift in Sources */ = {isa = PBXBuildFile; fileRef = 42DBDCF2285223ED00F56B9E /* TrackGetInfoResponseTrack.swift */; };
		42DBDCF5285224FC00F56B9E /* TrackGetInfoStreamable.swift in Sources */ = {isa = PBXBuildFile; fileRef = 42DBDCF4285224FC00F56B9E /* TrackGetInfoStreamable.swift */; };
		42DBDCF72852258700F56B9E /* TrackGetInfoArtist.swift in Sources */ = {isa = PBXBuildFile; fileRef = 42DBDCF62852258700F56B9E /* TrackGetInfoArtist.swift */; };
		42DBDCF9285225AF00F56B9E /* TrackGetInfoAlbum.swift in Sources */ = {isa = PBXBuildFile; fileRef = 42DBDCF8285225AF00F56B9E /* TrackGetInfoAlbum.swift */; };
		42DBDCFB2852268C00F56B9E /* TrackGetInfoAlbumImage.swift in Sources */ = {isa = PBXBuildFile; fileRef = 42DBDCFA2852268C00F56B9E /* TrackGetInfoAlbumImage.swift */; };
		42DBDCFD285226E600F56B9E /* TrackGetInfoAlbumAttr.swift in Sources */ = {isa = PBXBuildFile; fileRef = 42DBDCFC285226E600F56B9E /* TrackGetInfoAlbumAttr.swift */; };
		42DBDCFF2852271A00F56B9E /* TrackGetInfoTopTags.swift in Sources */ = {isa = PBXBuildFile; fileRef = 42DBDCFE2852271900F56B9E /* TrackGetInfoTopTags.swift */; };
		42DBDD012852275300F56B9E /* TrackGetInfoTag.swift in Sources */ = {isa = PBXBuildFile; fileRef = 42DBDD002852275300F56B9E /* TrackGetInfoTag.swift */; };
		42DBDD03285227A000F56B9E /* TrackGetInfoWiki.swift in Sources */ = {isa = PBXBuildFile; fileRef = 42DBDD02285227A000F56B9E /* TrackGetInfoWiki.swift */; };
/* End PBXBuildFile section */

/* Begin PBXFileReference section */
		127BC5939809A98CC980C8FC /* Pods_PirateRadio.framework */ = {isa = PBXFileReference; explicitFileType = wrapper.framework; includeInIndex = 0; path = Pods_PirateRadio.framework; sourceTree = BUILT_PRODUCTS_DIR; };
		4201CE7F284A41C10091B484 /* Playlist.swift */ = {isa = PBXFileReference; lastKnownFileType = sourcecode.swift; path = Playlist.swift; sourceTree = "<group>"; };
		423AAC3C2833C0A300447E3D /* YoutubeToMp3APIResponseItem.swift */ = {isa = PBXFileReference; lastKnownFileType = sourcecode.swift; path = YoutubeToMp3APIResponseItem.swift; sourceTree = "<group>"; };
		423AAC3E2833C14400447E3D /* YoutubeToMp3ResponseUploadedAt.swift */ = {isa = PBXFileReference; lastKnownFileType = sourcecode.swift; path = YoutubeToMp3ResponseUploadedAt.swift; sourceTree = "<group>"; };
		427E6FE32844E7490049C4FF /* AudioPlayer.swift */ = {isa = PBXFileReference; lastKnownFileType = sourcecode.swift; path = AudioPlayer.swift; sourceTree = "<group>"; };
		428B7D1928044D22003DBBB9 /* PirateRadio.app */ = {isa = PBXFileReference; explicitFileType = wrapper.application; includeInIndex = 0; path = PirateRadio.app; sourceTree = BUILT_PRODUCTS_DIR; };
		428B7D1C28044D22003DBBB9 /* AppDelegate.swift */ = {isa = PBXFileReference; lastKnownFileType = sourcecode.swift; path = AppDelegate.swift; sourceTree = "<group>"; };
		428B7D1E28044D22003DBBB9 /* SceneDelegate.swift */ = {isa = PBXFileReference; lastKnownFileType = sourcecode.swift; path = SceneDelegate.swift; sourceTree = "<group>"; };
		428B7D2028044D22003DBBB9 /* VideoPlayerViewController.swift */ = {isa = PBXFileReference; lastKnownFileType = sourcecode.swift; path = VideoPlayerViewController.swift; sourceTree = "<group>"; };
		428B7D2328044D22003DBBB9 /* Base */ = {isa = PBXFileReference; lastKnownFileType = file.storyboard; name = Base; path = Base.lproj/Main.storyboard; sourceTree = "<group>"; };
		428B7D2528044D23003DBBB9 /* Assets.xcassets */ = {isa = PBXFileReference; lastKnownFileType = folder.assetcatalog; path = Assets.xcassets; sourceTree = "<group>"; };
		428B7D2828044D23003DBBB9 /* Base */ = {isa = PBXFileReference; lastKnownFileType = file.storyboard; name = Base; path = Base.lproj/LaunchScreen.storyboard; sourceTree = "<group>"; };
		428B7D2A28044D23003DBBB9 /* Info.plist */ = {isa = PBXFileReference; lastKnownFileType = text.plist.xml; path = Info.plist; sourceTree = "<group>"; };
		429533B8282BE9DD0007EA6C /* YouTubeSearchResultItem.swift */ = {isa = PBXFileReference; lastKnownFileType = sourcecode.swift; path = YouTubeSearchResultItem.swift; sourceTree = "<group>"; };
		429533BA282BEA5F0007EA6C /* YouTubeSearchResultID.swift */ = {isa = PBXFileReference; lastKnownFileType = sourcecode.swift; path = YouTubeSearchResultID.swift; sourceTree = "<group>"; };
		429533BC282BEAB60007EA6C /* YouTubeSearchResultSnippet.swift */ = {isa = PBXFileReference; lastKnownFileType = sourcecode.swift; path = YouTubeSearchResultSnippet.swift; sourceTree = "<group>"; };
		429533BE282BEB4B0007EA6C /* YouTubeSearchResultSnippetThumbnails.swift */ = {isa = PBXFileReference; lastKnownFileType = sourcecode.swift; path = YouTubeSearchResultSnippetThumbnails.swift; sourceTree = "<group>"; };
		429533C0282BECC50007EA6C /* YouTubeSearchResultSnippetThumbnailData.swift */ = {isa = PBXFileReference; lastKnownFileType = sourcecode.swift; path = YouTubeSearchResultSnippetThumbnailData.swift; sourceTree = "<group>"; };
		429533C2282BF1FA0007EA6C /* YouTubeSearchListResponse.swift */ = {isa = PBXFileReference; lastKnownFileType = sourcecode.swift; path = YouTubeSearchListResponse.swift; sourceTree = "<group>"; };
		429533C4282BF2540007EA6C /* YouTubeSearchListResponsePageInfo.swift */ = {isa = PBXFileReference; lastKnownFileType = sourcecode.swift; path = YouTubeSearchListResponsePageInfo.swift; sourceTree = "<group>"; };
		429533C8282BFF680007EA6C /* Constants.swift */ = {isa = PBXFileReference; lastKnownFileType = sourcecode.swift; path = Constants.swift; sourceTree = "<group>"; };
		429533CC282C02600007EA6C /* SearchResultTableViewController.swift */ = {isa = PBXFileReference; lastKnownFileType = sourcecode.swift; path = SearchResultTableViewController.swift; sourceTree = "<group>"; };
		429533CE282C10840007EA6C /* SearchBarViewController.swift */ = {isa = PBXFileReference; lastKnownFileType = sourcecode.swift; path = SearchBarViewController.swift; sourceTree = "<group>"; };
		429E739A282D0A2F0073899E /* SearchResultCell.swift */ = {isa = PBXFileReference; lastKnownFileType = sourcecode.swift; path = SearchResultCell.swift; sourceTree = "<group>"; };
		429E739C282D32600073899E /* Extensions.swift */ = {isa = PBXFileReference; lastKnownFileType = sourcecode.swift; path = Extensions.swift; sourceTree = "<group>"; };
		429EA8552840BBFC00C79684 /* Song.swift */ = {isa = PBXFileReference; lastKnownFileType = sourcecode.swift; path = Song.swift; sourceTree = "<group>"; };
		429EA8582840BE8800C79684 /* SongTableViewCell.swift */ = {isa = PBXFileReference; lastKnownFileType = sourcecode.swift; path = SongTableViewCell.swift; sourceTree = "<group>"; };
		429EA85A2840BEC300C79684 /* DownloadedSongsTableViewController.swift */ = {isa = PBXFileReference; lastKnownFileType = sourcecode.swift; path = DownloadedSongsTableViewController.swift; sourceTree = "<group>"; };
		429EA85C2840C16F00C79684 /* DownloadedMP3sFileReader.swift */ = {isa = PBXFileReference; lastKnownFileType = sourcecode.swift; path = DownloadedMP3sFileReader.swift; sourceTree = "<group>"; };
		429EA85E284108D000C79684 /* MusicPlayerLibraryTableViewController.swift */ = {isa = PBXFileReference; lastKnownFileType = sourcecode.swift; path = MusicPlayerLibraryTableViewController.swift; sourceTree = "<group>"; };
		429EA8602841091C00C79684 /* MusicPlayerLibraryCell.swift */ = {isa = PBXFileReference; lastKnownFileType = sourcecode.swift; path = MusicPlayerLibraryCell.swift; sourceTree = "<group>"; };
		429EA8622841162C00C79684 /* MusicPlayerLibraryMenuItem.swift */ = {isa = PBXFileReference; lastKnownFileType = sourcecode.swift; path = MusicPlayerLibraryMenuItem.swift; sourceTree = "<group>"; };
		42AC3DD0282E728F003F1695 /* YoutubeFetcher.swift */ = {isa = PBXFileReference; lastKnownFileType = sourcecode.swift; path = YoutubeFetcher.swift; sourceTree = "<group>"; };
		42BBDC612850854C0087B96E /* RealmWrapper.swift */ = {isa = PBXFileReference; lastKnownFileType = sourcecode.swift; path = RealmWrapper.swift; sourceTree = "<group>"; };
		42BBDC632850C9370087B96E /* LASTFM_API_KEY.swift */ = {isa = PBXFileReference; lastKnownFileType = sourcecode.swift; path = LASTFM_API_KEY.swift; sourceTree = "<group>"; };
		42BBDC652850CA8E0087B96E /* YOUTUBE_API_KEY.swift */ = {isa = PBXFileReference; lastKnownFileType = sourcecode.swift; path = YOUTUBE_API_KEY.swift; sourceTree = "<group>"; };
		42BBDC672850D0BA0087B96E /* LastFMFetcher.swift */ = {isa = PBXFileReference; lastKnownFileType = sourcecode.swift; path = LastFMFetcher.swift; sourceTree = "<group>"; };
		42BBDC6A2850DBD40087B96E /* LastFMTrackSearchResponse.swift */ = {isa = PBXFileReference; lastKnownFileType = sourcecode.swift; path = LastFMTrackSearchResponse.swift; sourceTree = "<group>"; };
		42BBDC6C2850DCFC0087B96E /* LastFMTrackSearchResults.swift */ = {isa = PBXFileReference; lastKnownFileType = sourcecode.swift; path = LastFMTrackSearchResults.swift; sourceTree = "<group>"; };
		42BBDC6E2850DEFF0087B96E /* LastFMTrackSearchQuery.swift */ = {isa = PBXFileReference; lastKnownFileType = sourcecode.swift; path = LastFMTrackSearchQuery.swift; sourceTree = "<group>"; };
		42BBDC702850DF2B0087B96E /* LastFMTrackSearchTrackmatches.swift */ = {isa = PBXFileReference; lastKnownFileType = sourcecode.swift; path = LastFMTrackSearchTrackmatches.swift; sourceTree = "<group>"; };
		42BBDC722850E0FD0087B96E /* LastFMTrackmatch.swift */ = {isa = PBXFileReference; lastKnownFileType = sourcecode.swift; path = LastFMTrackmatch.swift; sourceTree = "<group>"; };
		42BBDC742850E16C0087B96E /* LastFMTrackmatchImage.swift */ = {isa = PBXFileReference; lastKnownFileType = sourcecode.swift; path = LastFMTrackmatchImage.swift; sourceTree = "<group>"; };
		42C86E07283BA5B70075C72A /* YouTubeVideoListResponse.swift */ = {isa = PBXFileReference; lastKnownFileType = sourcecode.swift; path = YouTubeVideoListResponse.swift; sourceTree = "<group>"; };
		42C86E09283BA60E0075C72A /* YouTubeListResponseItem.swift */ = {isa = PBXFileReference; lastKnownFileType = sourcecode.swift; path = YouTubeListResponseItem.swift; sourceTree = "<group>"; };
		42C86E0C283BA7160075C72A /* YouTubeVideoListResponsePageInfo.swift */ = {isa = PBXFileReference; lastKnownFileType = sourcecode.swift; path = YouTubeVideoListResponsePageInfo.swift; sourceTree = "<group>"; };
		42C86E0E283BA7A40075C72A /* YouTubeVideoContentDetails.swift */ = {isa = PBXFileReference; lastKnownFileType = sourcecode.swift; path = YouTubeVideoContentDetails.swift; sourceTree = "<group>"; };
		42C86E10283BA8BB0075C72A /* YouTubeVideoContentRating.swift */ = {isa = PBXFileReference; lastKnownFileType = sourcecode.swift; path = YouTubeVideoContentRating.swift; sourceTree = "<group>"; };
		42CDAE6B2857405100A1B1E6 /* LibraryViewController.swift */ = {isa = PBXFileReference; lastKnownFileType = sourcecode.swift; path = LibraryViewController.swift; sourceTree = "<group>"; };
		42CE7AFB283FBBFE00378A1A /* MusicPlayerSongsViewController.swift */ = {isa = PBXFileReference; lastKnownFileType = sourcecode.swift; path = MusicPlayerSongsViewController.swift; sourceTree = "<group>"; };
		42DBDCED28520A4F00F56B9E /* LastFMTrackSearchAttr.swift */ = {isa = PBXFileReference; lastKnownFileType = sourcecode.swift; path = LastFMTrackSearchAttr.swift; sourceTree = "<group>"; };
		42DBDCF02852239600F56B9E /* TrackGetInfoResponse.swift */ = {isa = PBXFileReference; lastKnownFileType = sourcecode.swift; path = TrackGetInfoResponse.swift; sourceTree = "<group>"; };
		42DBDCF2285223ED00F56B9E /* TrackGetInfoResponseTrack.swift */ = {isa = PBXFileReference; lastKnownFileType = sourcecode.swift; path = TrackGetInfoResponseTrack.swift; sourceTree = "<group>"; };
		42DBDCF4285224FC00F56B9E /* TrackGetInfoStreamable.swift */ = {isa = PBXFileReference; lastKnownFileType = sourcecode.swift; path = TrackGetInfoStreamable.swift; sourceTree = "<group>"; };
		42DBDCF62852258700F56B9E /* TrackGetInfoArtist.swift */ = {isa = PBXFileReference; lastKnownFileType = sourcecode.swift; path = TrackGetInfoArtist.swift; sourceTree = "<group>"; };
		42DBDCF8285225AF00F56B9E /* TrackGetInfoAlbum.swift */ = {isa = PBXFileReference; lastKnownFileType = sourcecode.swift; path = TrackGetInfoAlbum.swift; sourceTree = "<group>"; };
		42DBDCFA2852268C00F56B9E /* TrackGetInfoAlbumImage.swift */ = {isa = PBXFileReference; lastKnownFileType = sourcecode.swift; path = TrackGetInfoAlbumImage.swift; sourceTree = "<group>"; };
		42DBDCFC285226E600F56B9E /* TrackGetInfoAlbumAttr.swift */ = {isa = PBXFileReference; lastKnownFileType = sourcecode.swift; path = TrackGetInfoAlbumAttr.swift; sourceTree = "<group>"; };
		42DBDCFE2852271900F56B9E /* TrackGetInfoTopTags.swift */ = {isa = PBXFileReference; lastKnownFileType = sourcecode.swift; path = TrackGetInfoTopTags.swift; sourceTree = "<group>"; };
		42DBDD002852275300F56B9E /* TrackGetInfoTag.swift */ = {isa = PBXFileReference; lastKnownFileType = sourcecode.swift; path = TrackGetInfoTag.swift; sourceTree = "<group>"; };
		42DBDD02285227A000F56B9E /* TrackGetInfoWiki.swift */ = {isa = PBXFileReference; lastKnownFileType = sourcecode.swift; path = TrackGetInfoWiki.swift; sourceTree = "<group>"; };
/* End PBXFileReference section */

/* Begin PBXFrameworksBuildPhase section */
		428B7D1628044D22003DBBB9 /* Frameworks */ = {
			isa = PBXFrameworksBuildPhase;
			buildActionMask = 2147483647;
			files = (
				425C9CDF2836805100D996F6 /* Toast in Frameworks */,
				424B6A7528046029009A043E /* YouTubeiOSPlayerHelper in Frameworks */,
				4201CE7C284A38D40091B484 /* Realm in Frameworks */,
				4201CE7E284A38D40091B484 /* RealmSwift in Frameworks */,
			);
			runOnlyForDeploymentPostprocessing = 0;
		};
/* End PBXFrameworksBuildPhase section */

/* Begin PBXGroup section */
		04FD044A7D778F1340A8512B /* Frameworks */ = {
			isa = PBXGroup;
			children = (
				127BC5939809A98CC980C8FC /* Pods_PirateRadio.framework */,
			);
			name = Frameworks;
			sourceTree = "<group>";
		};
		428B7D1028044D22003DBBB9 = {
			isa = PBXGroup;
			children = (
				428B7D1B28044D22003DBBB9 /* PirateRadio */,
				428B7D1A28044D22003DBBB9 /* Products */,
				04FD044A7D778F1340A8512B /* Frameworks */,
			);
			sourceTree = "<group>";
		};
		428B7D1A28044D22003DBBB9 /* Products */ = {
			isa = PBXGroup;
			children = (
				428B7D1928044D22003DBBB9 /* PirateRadio.app */,
			);
			name = Products;
			sourceTree = "<group>";
		};
		428B7D1B28044D22003DBBB9 /* PirateRadio */ = {
			isa = PBXGroup;
			children = (
				429533B7282BE9BC0007EA6C /* Models */,
				428B7D1C28044D22003DBBB9 /* AppDelegate.swift */,
				428B7D1E28044D22003DBBB9 /* SceneDelegate.swift */,
				429533CE282C10840007EA6C /* SearchBarViewController.swift */,
				429533CC282C02600007EA6C /* SearchResultTableViewController.swift */,
				429E739A282D0A2F0073899E /* SearchResultCell.swift */,
				428B7D2028044D22003DBBB9 /* VideoPlayerViewController.swift */,
				429EA85E284108D000C79684 /* MusicPlayerLibraryTableViewController.swift */,
				429EA8602841091C00C79684 /* MusicPlayerLibraryCell.swift */,
				42CE7AFB283FBBFE00378A1A /* MusicPlayerSongsViewController.swift */,
				429EA85A2840BEC300C79684 /* DownloadedSongsTableViewController.swift */,
				427E6FE32844E7490049C4FF /* AudioPlayer.swift */,
				429EA8582840BE8800C79684 /* SongTableViewCell.swift */,
				42AC3DD0282E728F003F1695 /* YoutubeFetcher.swift */,
				42BBDC672850D0BA0087B96E /* LastFMFetcher.swift */,
				42BBDC612850854C0087B96E /* RealmWrapper.swift */,
				428B7D2228044D22003DBBB9 /* Main.storyboard */,
				42CDAE6B2857405100A1B1E6 /* LibraryViewController.swift */,
				428B7D2528044D23003DBBB9 /* Assets.xcassets */,
				428B7D2728044D23003DBBB9 /* LaunchScreen.storyboard */,
				428B7D2A28044D23003DBBB9 /* Info.plist */,
				42BBDC652850CA8E0087B96E /* YOUTUBE_API_KEY.swift */,
				42BBDC632850C9370087B96E /* LASTFM_API_KEY.swift */,
				429533C8282BFF680007EA6C /* Constants.swift */,
				429E739C282D32600073899E /* Extensions.swift */,
			);
			path = PirateRadio;
			sourceTree = "<group>";
		};
		429533B7282BE9BC0007EA6C /* Models */ = {
			isa = PBXGroup;
			children = (
				42DBDCEF2852236E00F56B9E /* LastFMTrackGetInfoResponse */,
				42BBDC692850DB4B0087B96E /* LastFMTrackSearchResponse */,
				42C86E06283BA58C0075C72A /* YouTubeSearchResponse */,
				42C86E0B283BA6BB0075C72A /* YouTubeVideoListResponse */,
				429EA8572840BC0800C79684 /* MusicPlayerModels */,
			);
			path = Models;
			sourceTree = "<group>";
		};
		429EA8572840BC0800C79684 /* MusicPlayerModels */ = {
			isa = PBXGroup;
			children = (
				429EA85C2840C16F00C79684 /* DownloadedMP3sFileReader.swift */,
				429EA8552840BBFC00C79684 /* Song.swift */,
				4201CE7F284A41C10091B484 /* Playlist.swift */,
				429EA8622841162C00C79684 /* MusicPlayerLibraryMenuItem.swift */,
			);
			path = MusicPlayerModels;
			sourceTree = "<group>";
		};
		42BBDC692850DB4B0087B96E /* LastFMTrackSearchResponse */ = {
			isa = PBXGroup;
			children = (
				42BBDC6A2850DBD40087B96E /* LastFMTrackSearchResponse.swift */,
				42BBDC6C2850DCFC0087B96E /* LastFMTrackSearchResults.swift */,
				42DBDCED28520A4F00F56B9E /* LastFMTrackSearchAttr.swift */,
				42BBDC6E2850DEFF0087B96E /* LastFMTrackSearchQuery.swift */,
				42BBDC702850DF2B0087B96E /* LastFMTrackSearchTrackmatches.swift */,
				42BBDC722850E0FD0087B96E /* LastFMTrackmatch.swift */,
				42BBDC742850E16C0087B96E /* LastFMTrackmatchImage.swift */,
			);
			path = LastFMTrackSearchResponse;
			sourceTree = "<group>";
		};
		42C86E06283BA58C0075C72A /* YouTubeSearchResponse */ = {
			isa = PBXGroup;
			children = (
				429533BA282BEA5F0007EA6C /* YouTubeSearchResultID.swift */,
				429533C0282BECC50007EA6C /* YouTubeSearchResultSnippetThumbnailData.swift */,
				429533BE282BEB4B0007EA6C /* YouTubeSearchResultSnippetThumbnails.swift */,
				429533BC282BEAB60007EA6C /* YouTubeSearchResultSnippet.swift */,
				429533B8282BE9DD0007EA6C /* YouTubeSearchResultItem.swift */,
				429533C4282BF2540007EA6C /* YouTubeSearchListResponsePageInfo.swift */,
				429533C2282BF1FA0007EA6C /* YouTubeSearchListResponse.swift */,
				423AAC3C2833C0A300447E3D /* YoutubeToMp3APIResponseItem.swift */,
				423AAC3E2833C14400447E3D /* YoutubeToMp3ResponseUploadedAt.swift */,
			);
			path = YouTubeSearchResponse;
			sourceTree = "<group>";
		};
		42C86E0B283BA6BB0075C72A /* YouTubeVideoListResponse */ = {
			isa = PBXGroup;
			children = (
				42C86E07283BA5B70075C72A /* YouTubeVideoListResponse.swift */,
				42C86E09283BA60E0075C72A /* YouTubeListResponseItem.swift */,
				42C86E0C283BA7160075C72A /* YouTubeVideoListResponsePageInfo.swift */,
				42C86E0E283BA7A40075C72A /* YouTubeVideoContentDetails.swift */,
				42C86E10283BA8BB0075C72A /* YouTubeVideoContentRating.swift */,
			);
			path = YouTubeVideoListResponse;
			sourceTree = "<group>";
		};
		42DBDCEF2852236E00F56B9E /* LastFMTrackGetInfoResponse */ = {
			isa = PBXGroup;
			children = (
				42DBDCF02852239600F56B9E /* TrackGetInfoResponse.swift */,
				42DBDCF2285223ED00F56B9E /* TrackGetInfoResponseTrack.swift */,
				42DBDCF4285224FC00F56B9E /* TrackGetInfoStreamable.swift */,
				42DBDCF62852258700F56B9E /* TrackGetInfoArtist.swift */,
				42DBDCF8285225AF00F56B9E /* TrackGetInfoAlbum.swift */,
				42DBDCFA2852268C00F56B9E /* TrackGetInfoAlbumImage.swift */,
				42DBDCFC285226E600F56B9E /* TrackGetInfoAlbumAttr.swift */,
				42DBDCFE2852271900F56B9E /* TrackGetInfoTopTags.swift */,
				42DBDD002852275300F56B9E /* TrackGetInfoTag.swift */,
				42DBDD02285227A000F56B9E /* TrackGetInfoWiki.swift */,
			);
			path = LastFMTrackGetInfoResponse;
			sourceTree = "<group>";
		};
/* End PBXGroup section */

/* Begin PBXNativeTarget section */
		428B7D1828044D22003DBBB9 /* PirateRadio */ = {
			isa = PBXNativeTarget;
			buildConfigurationList = 428B7D2D28044D23003DBBB9 /* Build configuration list for PBXNativeTarget "PirateRadio" */;
			buildPhases = (
				428B7D1528044D22003DBBB9 /* Sources */,
				428B7D1628044D22003DBBB9 /* Frameworks */,
				428B7D1728044D22003DBBB9 /* Resources */,
			);
			buildRules = (
			);
			dependencies = (
			);
			name = PirateRadio;
			packageProductDependencies = (
				424B6A7428046029009A043E /* YouTubeiOSPlayerHelper */,
				425C9CDE2836805100D996F6 /* Toast */,
				4201CE7B284A38D40091B484 /* Realm */,
				4201CE7D284A38D40091B484 /* RealmSwift */,
			);
			productName = PirateRadio;
			productReference = 428B7D1928044D22003DBBB9 /* PirateRadio.app */;
			productType = "com.apple.product-type.application";
		};
/* End PBXNativeTarget section */

/* Begin PBXProject section */
		428B7D1128044D22003DBBB9 /* Project object */ = {
			isa = PBXProject;
			attributes = {
				BuildIndependentTargetsInParallel = 1;
				LastSwiftUpdateCheck = 1310;
				LastUpgradeCheck = 1310;
				TargetAttributes = {
					428B7D1828044D22003DBBB9 = {
						CreatedOnToolsVersion = 13.1;
					};
				};
			};
			buildConfigurationList = 428B7D1428044D22003DBBB9 /* Build configuration list for PBXProject "PirateRadio" */;
			compatibilityVersion = "Xcode 13.0";
			developmentRegion = en;
			hasScannedForEncodings = 0;
			knownRegions = (
				en,
				Base,
			);
			mainGroup = 428B7D1028044D22003DBBB9;
			packageReferences = (
				424B6A7328046029009A043E /* XCRemoteSwiftPackageReference "youtube-ios-player-helper" */,
				425C9CDD2836805100D996F6 /* XCRemoteSwiftPackageReference "Toast-Swift" */,
				4201CE7A284A38D40091B484 /* XCRemoteSwiftPackageReference "realm-swift" */,
			);
			productRefGroup = 428B7D1A28044D22003DBBB9 /* Products */;
			projectDirPath = "";
			projectRoot = "";
			targets = (
				428B7D1828044D22003DBBB9 /* PirateRadio */,
			);
		};
/* End PBXProject section */

/* Begin PBXResourcesBuildPhase section */
		428B7D1728044D22003DBBB9 /* Resources */ = {
			isa = PBXResourcesBuildPhase;
			buildActionMask = 2147483647;
			files = (
				428B7D2928044D23003DBBB9 /* LaunchScreen.storyboard in Resources */,
				428B7D2628044D23003DBBB9 /* Assets.xcassets in Resources */,
				428B7D2428044D22003DBBB9 /* Main.storyboard in Resources */,
			);
			runOnlyForDeploymentPostprocessing = 0;
		};
/* End PBXResourcesBuildPhase section */

/* Begin PBXSourcesBuildPhase section */
		428B7D1528044D22003DBBB9 /* Sources */ = {
			isa = PBXSourcesBuildPhase;
			buildActionMask = 2147483647;
			files = (
				429EA8612841091C00C79684 /* MusicPlayerLibraryCell.swift in Sources */,
				42CDAE6C2857405100A1B1E6 /* LibraryViewController.swift in Sources */,
				4201CE80284A41C10091B484 /* Playlist.swift in Sources */,
				429533CF282C10840007EA6C /* SearchBarViewController.swift in Sources */,
				427E6FE42844E7490049C4FF /* AudioPlayer.swift in Sources */,
				429533BD282BEAB60007EA6C /* YouTubeSearchResultSnippet.swift in Sources */,
				429533C1282BECC50007EA6C /* YouTubeSearchResultSnippetThumbnailData.swift in Sources */,
				429EA8632841162C00C79684 /* MusicPlayerLibraryMenuItem.swift in Sources */,
				42BBDC642850C9370087B96E /* LASTFM_API_KEY.swift in Sources */,
				429E739B282D0A2F0073899E /* SearchResultCell.swift in Sources */,
				42BBDC682850D0BA0087B96E /* LastFMFetcher.swift in Sources */,
				429533C3282BF1FA0007EA6C /* YouTubeSearchListResponse.swift in Sources */,
				42BBDC6B2850DBD40087B96E /* LastFMTrackSearchResponse.swift in Sources */,
				42BBDC712850DF2B0087B96E /* LastFMTrackSearchTrackmatches.swift in Sources */,
				428B7D2128044D22003DBBB9 /* VideoPlayerViewController.swift in Sources */,
				42DBDCF5285224FC00F56B9E /* TrackGetInfoStreamable.swift in Sources */,
				429533C5282BF2540007EA6C /* YouTubeSearchListResponsePageInfo.swift in Sources */,
				42DBDCFD285226E600F56B9E /* TrackGetInfoAlbumAttr.swift in Sources */,
				423AAC3D2833C0A300447E3D /* YoutubeToMp3APIResponseItem.swift in Sources */,
				428B7D1D28044D22003DBBB9 /* AppDelegate.swift in Sources */,
				429EA85B2840BEC300C79684 /* DownloadedSongsTableViewController.swift in Sources */,
				429EA85F284108D000C79684 /* MusicPlayerLibraryTableViewController.swift in Sources */,
				42C86E11283BA8BB0075C72A /* YouTubeVideoContentRating.swift in Sources */,
				42DBDCF12852239600F56B9E /* TrackGetInfoResponse.swift in Sources */,
				42C86E08283BA5B70075C72A /* YouTubeVideoListResponse.swift in Sources */,
				429533BB282BEA5F0007EA6C /* YouTubeSearchResultID.swift in Sources */,
				428B7D1F28044D22003DBBB9 /* SceneDelegate.swift in Sources */,
				42DBDD03285227A000F56B9E /* TrackGetInfoWiki.swift in Sources */,
				42BBDC6F2850DEFF0087B96E /* LastFMTrackSearchQuery.swift in Sources */,
				42DBDCFF2852271A00F56B9E /* TrackGetInfoTopTags.swift in Sources */,
				429E739D282D32600073899E /* Extensions.swift in Sources */,
				429EA85D2840C16F00C79684 /* DownloadedMP3sFileReader.swift in Sources */,
				42DBDCFB2852268C00F56B9E /* TrackGetInfoAlbumImage.swift in Sources */,
				429EA8592840BE8800C79684 /* SongTableViewCell.swift in Sources */,
				429533BF282BEB4B0007EA6C /* YouTubeSearchResultSnippetThumbnails.swift in Sources */,
				42DBDCF3285223ED00F56B9E /* TrackGetInfoResponseTrack.swift in Sources */,
				42C86E0D283BA7160075C72A /* YouTubeVideoListResponsePageInfo.swift in Sources */,
				429533CD282C02600007EA6C /* SearchResultTableViewController.swift in Sources */,
				429533B9282BE9DD0007EA6C /* YouTubeSearchResultItem.swift in Sources */,
				42BBDC622850854C0087B96E /* RealmWrapper.swift in Sources */,
				42DBDD012852275300F56B9E /* TrackGetInfoTag.swift in Sources */,
				42BBDC732850E0FD0087B96E /* LastFMTrackmatch.swift in Sources */,
				42C86E0F283BA7A40075C72A /* YouTubeVideoContentDetails.swift in Sources */,
				429533C9282BFF680007EA6C /* Constants.swift in Sources */,
				42C86E0A283BA60E0075C72A /* YouTubeListResponseItem.swift in Sources */,
				42DBDCF9285225AF00F56B9E /* TrackGetInfoAlbum.swift in Sources */,
				423AAC3F2833C14400447E3D /* YoutubeToMp3ResponseUploadedAt.swift in Sources */,
				42BBDC6D2850DCFC0087B96E /* LastFMTrackSearchResults.swift in Sources */,
				42AC3DD1282E728F003F1695 /* YoutubeFetcher.swift in Sources */,
				429EA8562840BBFC00C79684 /* Song.swift in Sources */,
				42DBDCF72852258700F56B9E /* TrackGetInfoArtist.swift in Sources */,
				42BBDC662850CA8E0087B96E /* YOUTUBE_API_KEY.swift in Sources */,
				42CE7AFC283FBBFE00378A1A /* MusicPlayerSongsViewController.swift in Sources */,
				42BBDC752850E16C0087B96E /* LastFMTrackmatchImage.swift in Sources */,
				42DBDCEE28520A4F00F56B9E /* LastFMTrackSearchAttr.swift in Sources */,
			);
			runOnlyForDeploymentPostprocessing = 0;
		};
/* End PBXSourcesBuildPhase section */

/* Begin PBXVariantGroup section */
		428B7D2228044D22003DBBB9 /* Main.storyboard */ = {
			isa = PBXVariantGroup;
			children = (
				428B7D2328044D22003DBBB9 /* Base */,
			);
			name = Main.storyboard;
			sourceTree = "<group>";
		};
		428B7D2728044D23003DBBB9 /* LaunchScreen.storyboard */ = {
			isa = PBXVariantGroup;
			children = (
				428B7D2828044D23003DBBB9 /* Base */,
			);
			name = LaunchScreen.storyboard;
			sourceTree = "<group>";
		};
/* End PBXVariantGroup section */

/* Begin XCBuildConfiguration section */
		428B7D2B28044D23003DBBB9 /* Debug */ = {
			isa = XCBuildConfiguration;
			buildSettings = {
				ALWAYS_SEARCH_USER_PATHS = NO;
				CLANG_ANALYZER_NONNULL = YES;
				CLANG_ANALYZER_NUMBER_OBJECT_CONVERSION = YES_AGGRESSIVE;
				CLANG_CXX_LANGUAGE_STANDARD = "gnu++17";
				CLANG_CXX_LIBRARY = "libc++";
				CLANG_ENABLE_MODULES = YES;
				CLANG_ENABLE_OBJC_ARC = YES;
				CLANG_ENABLE_OBJC_WEAK = YES;
				CLANG_WARN_BLOCK_CAPTURE_AUTORELEASING = YES;
				CLANG_WARN_BOOL_CONVERSION = YES;
				CLANG_WARN_COMMA = YES;
				CLANG_WARN_CONSTANT_CONVERSION = YES;
				CLANG_WARN_DEPRECATED_OBJC_IMPLEMENTATIONS = YES;
				CLANG_WARN_DIRECT_OBJC_ISA_USAGE = YES_ERROR;
				CLANG_WARN_DOCUMENTATION_COMMENTS = YES;
				CLANG_WARN_EMPTY_BODY = YES;
				CLANG_WARN_ENUM_CONVERSION = YES;
				CLANG_WARN_INFINITE_RECURSION = YES;
				CLANG_WARN_INT_CONVERSION = YES;
				CLANG_WARN_NON_LITERAL_NULL_CONVERSION = YES;
				CLANG_WARN_OBJC_IMPLICIT_RETAIN_SELF = YES;
				CLANG_WARN_OBJC_LITERAL_CONVERSION = YES;
				CLANG_WARN_OBJC_ROOT_CLASS = YES_ERROR;
				CLANG_WARN_QUOTED_INCLUDE_IN_FRAMEWORK_HEADER = YES;
				CLANG_WARN_RANGE_LOOP_ANALYSIS = YES;
				CLANG_WARN_STRICT_PROTOTYPES = YES;
				CLANG_WARN_SUSPICIOUS_MOVE = YES;
				CLANG_WARN_UNGUARDED_AVAILABILITY = YES_AGGRESSIVE;
				CLANG_WARN_UNREACHABLE_CODE = YES;
				CLANG_WARN__DUPLICATE_METHOD_MATCH = YES;
				COPY_PHASE_STRIP = NO;
				DEBUG_INFORMATION_FORMAT = dwarf;
				ENABLE_STRICT_OBJC_MSGSEND = YES;
				ENABLE_TESTABILITY = YES;
				GCC_C_LANGUAGE_STANDARD = gnu11;
				GCC_DYNAMIC_NO_PIC = NO;
				GCC_NO_COMMON_BLOCKS = YES;
				GCC_OPTIMIZATION_LEVEL = 0;
				GCC_PREPROCESSOR_DEFINITIONS = (
					"DEBUG=1",
					"$(inherited)",
				);
				GCC_WARN_64_TO_32_BIT_CONVERSION = YES;
				GCC_WARN_ABOUT_RETURN_TYPE = YES_ERROR;
				GCC_WARN_UNDECLARED_SELECTOR = YES;
				GCC_WARN_UNINITIALIZED_AUTOS = YES_AGGRESSIVE;
				GCC_WARN_UNUSED_FUNCTION = YES;
				GCC_WARN_UNUSED_VARIABLE = YES;
				IPHONEOS_DEPLOYMENT_TARGET = 15.0;
				MTL_ENABLE_DEBUG_INFO = INCLUDE_SOURCE;
				MTL_FAST_MATH = YES;
				ONLY_ACTIVE_ARCH = YES;
				SDKROOT = iphoneos;
				SWIFT_ACTIVE_COMPILATION_CONDITIONS = DEBUG;
				SWIFT_OPTIMIZATION_LEVEL = "-Onone";
			};
			name = Debug;
		};
		428B7D2C28044D23003DBBB9 /* Release */ = {
			isa = XCBuildConfiguration;
			buildSettings = {
				ALWAYS_SEARCH_USER_PATHS = NO;
				CLANG_ANALYZER_NONNULL = YES;
				CLANG_ANALYZER_NUMBER_OBJECT_CONVERSION = YES_AGGRESSIVE;
				CLANG_CXX_LANGUAGE_STANDARD = "gnu++17";
				CLANG_CXX_LIBRARY = "libc++";
				CLANG_ENABLE_MODULES = YES;
				CLANG_ENABLE_OBJC_ARC = YES;
				CLANG_ENABLE_OBJC_WEAK = YES;
				CLANG_WARN_BLOCK_CAPTURE_AUTORELEASING = YES;
				CLANG_WARN_BOOL_CONVERSION = YES;
				CLANG_WARN_COMMA = YES;
				CLANG_WARN_CONSTANT_CONVERSION = YES;
				CLANG_WARN_DEPRECATED_OBJC_IMPLEMENTATIONS = YES;
				CLANG_WARN_DIRECT_OBJC_ISA_USAGE = YES_ERROR;
				CLANG_WARN_DOCUMENTATION_COMMENTS = YES;
				CLANG_WARN_EMPTY_BODY = YES;
				CLANG_WARN_ENUM_CONVERSION = YES;
				CLANG_WARN_INFINITE_RECURSION = YES;
				CLANG_WARN_INT_CONVERSION = YES;
				CLANG_WARN_NON_LITERAL_NULL_CONVERSION = YES;
				CLANG_WARN_OBJC_IMPLICIT_RETAIN_SELF = YES;
				CLANG_WARN_OBJC_LITERAL_CONVERSION = YES;
				CLANG_WARN_OBJC_ROOT_CLASS = YES_ERROR;
				CLANG_WARN_QUOTED_INCLUDE_IN_FRAMEWORK_HEADER = YES;
				CLANG_WARN_RANGE_LOOP_ANALYSIS = YES;
				CLANG_WARN_STRICT_PROTOTYPES = YES;
				CLANG_WARN_SUSPICIOUS_MOVE = YES;
				CLANG_WARN_UNGUARDED_AVAILABILITY = YES_AGGRESSIVE;
				CLANG_WARN_UNREACHABLE_CODE = YES;
				CLANG_WARN__DUPLICATE_METHOD_MATCH = YES;
				COPY_PHASE_STRIP = NO;
				DEBUG_INFORMATION_FORMAT = "dwarf-with-dsym";
				ENABLE_NS_ASSERTIONS = NO;
				ENABLE_STRICT_OBJC_MSGSEND = YES;
				GCC_C_LANGUAGE_STANDARD = gnu11;
				GCC_NO_COMMON_BLOCKS = YES;
				GCC_WARN_64_TO_32_BIT_CONVERSION = YES;
				GCC_WARN_ABOUT_RETURN_TYPE = YES_ERROR;
				GCC_WARN_UNDECLARED_SELECTOR = YES;
				GCC_WARN_UNINITIALIZED_AUTOS = YES_AGGRESSIVE;
				GCC_WARN_UNUSED_FUNCTION = YES;
				GCC_WARN_UNUSED_VARIABLE = YES;
				IPHONEOS_DEPLOYMENT_TARGET = 15.0;
				MTL_ENABLE_DEBUG_INFO = NO;
				MTL_FAST_MATH = YES;
				SDKROOT = iphoneos;
				SWIFT_COMPILATION_MODE = wholemodule;
				SWIFT_OPTIMIZATION_LEVEL = "-O";
				VALIDATE_PRODUCT = YES;
			};
			name = Release;
		};
		428B7D2E28044D23003DBBB9 /* Debug */ = {
			isa = XCBuildConfiguration;
			buildSettings = {
				ASSETCATALOG_COMPILER_APPICON_NAME = AppIcon;
				ASSETCATALOG_COMPILER_GLOBAL_ACCENT_COLOR_NAME = AccentColor;
				CODE_SIGN_STYLE = Automatic;
				CURRENT_PROJECT_VERSION = 1;
				DEVELOPMENT_TEAM = GKHHS42JFG;
				GENERATE_INFOPLIST_FILE = YES;
				INFOPLIST_FILE = PirateRadio/Info.plist;
				INFOPLIST_KEY_UIApplicationSupportsIndirectInputEvents = YES;
				INFOPLIST_KEY_UILaunchStoryboardName = LaunchScreen;
				INFOPLIST_KEY_UIMainStoryboardFile = Main;
				INFOPLIST_KEY_UISupportedInterfaceOrientations_iPad = "UIInterfaceOrientationPortrait UIInterfaceOrientationPortraitUpsideDown UIInterfaceOrientationLandscapeLeft UIInterfaceOrientationLandscapeRight";
				INFOPLIST_KEY_UISupportedInterfaceOrientations_iPhone = "UIInterfaceOrientationPortrait UIInterfaceOrientationLandscapeLeft UIInterfaceOrientationLandscapeRight";
				LD_RUNPATH_SEARCH_PATHS = (
					"$(inherited)",
					"@executable_path/Frameworks",
				);
				MARKETING_VERSION = 1.0;
				PRODUCT_BUNDLE_IDENTIFIER = net.nemetschek.PirateRadio;
				PRODUCT_NAME = "$(TARGET_NAME)";
				SWIFT_EMIT_LOC_STRINGS = YES;
				SWIFT_VERSION = 5.0;
				TARGETED_DEVICE_FAMILY = "1,2";
			};
			name = Debug;
		};
		428B7D2F28044D23003DBBB9 /* Release */ = {
			isa = XCBuildConfiguration;
			buildSettings = {
				ASSETCATALOG_COMPILER_APPICON_NAME = AppIcon;
				ASSETCATALOG_COMPILER_GLOBAL_ACCENT_COLOR_NAME = AccentColor;
				CODE_SIGN_STYLE = Automatic;
				CURRENT_PROJECT_VERSION = 1;
				DEVELOPMENT_TEAM = GKHHS42JFG;
				GENERATE_INFOPLIST_FILE = YES;
				INFOPLIST_FILE = PirateRadio/Info.plist;
				INFOPLIST_KEY_UIApplicationSupportsIndirectInputEvents = YES;
				INFOPLIST_KEY_UILaunchStoryboardName = LaunchScreen;
				INFOPLIST_KEY_UIMainStoryboardFile = Main;
				INFOPLIST_KEY_UISupportedInterfaceOrientations_iPad = "UIInterfaceOrientationPortrait UIInterfaceOrientationPortraitUpsideDown UIInterfaceOrientationLandscapeLeft UIInterfaceOrientationLandscapeRight";
				INFOPLIST_KEY_UISupportedInterfaceOrientations_iPhone = "UIInterfaceOrientationPortrait UIInterfaceOrientationLandscapeLeft UIInterfaceOrientationLandscapeRight";
				LD_RUNPATH_SEARCH_PATHS = (
					"$(inherited)",
					"@executable_path/Frameworks",
				);
				MARKETING_VERSION = 1.0;
				PRODUCT_BUNDLE_IDENTIFIER = net.nemetschek.PirateRadio;
				PRODUCT_NAME = "$(TARGET_NAME)";
				SWIFT_EMIT_LOC_STRINGS = YES;
				SWIFT_VERSION = 5.0;
				TARGETED_DEVICE_FAMILY = "1,2";
			};
			name = Release;
		};
/* End XCBuildConfiguration section */

/* Begin XCConfigurationList section */
		428B7D1428044D22003DBBB9 /* Build configuration list for PBXProject "PirateRadio" */ = {
			isa = XCConfigurationList;
			buildConfigurations = (
				428B7D2B28044D23003DBBB9 /* Debug */,
				428B7D2C28044D23003DBBB9 /* Release */,
			);
			defaultConfigurationIsVisible = 0;
			defaultConfigurationName = Release;
		};
		428B7D2D28044D23003DBBB9 /* Build configuration list for PBXNativeTarget "PirateRadio" */ = {
			isa = XCConfigurationList;
			buildConfigurations = (
				428B7D2E28044D23003DBBB9 /* Debug */,
				428B7D2F28044D23003DBBB9 /* Release */,
			);
			defaultConfigurationIsVisible = 0;
			defaultConfigurationName = Release;
		};
/* End XCConfigurationList section */

/* Begin XCRemoteSwiftPackageReference section */
		4201CE7A284A38D40091B484 /* XCRemoteSwiftPackageReference "realm-swift" */ = {
			isa = XCRemoteSwiftPackageReference;
			repositoryURL = "https://github.com/realm/realm-swift.git";
			requirement = {
				kind = upToNextMajorVersion;
				minimumVersion = 10.19.0;
			};
		};
		424B6A7328046029009A043E /* XCRemoteSwiftPackageReference "youtube-ios-player-helper" */ = {
			isa = XCRemoteSwiftPackageReference;
			repositoryURL = "https://github.com/youtube/youtube-ios-player-helper.git";
			requirement = {
				kind = upToNextMajorVersion;
				minimumVersion = 1.0.0;
			};
		};
		425C9CDD2836805100D996F6 /* XCRemoteSwiftPackageReference "Toast-Swift" */ = {
			isa = XCRemoteSwiftPackageReference;
			repositoryURL = "https://github.com/scalessec/Toast-Swift";
			requirement = {
				branch = master;
				kind = branch;
			};
		};
/* End XCRemoteSwiftPackageReference section */

/* Begin XCSwiftPackageProductDependency section */
		4201CE7B284A38D40091B484 /* Realm */ = {
			isa = XCSwiftPackageProductDependency;
			package = 4201CE7A284A38D40091B484 /* XCRemoteSwiftPackageReference "realm-swift" */;
			productName = Realm;
		};
		4201CE7D284A38D40091B484 /* RealmSwift */ = {
			isa = XCSwiftPackageProductDependency;
			package = 4201CE7A284A38D40091B484 /* XCRemoteSwiftPackageReference "realm-swift" */;
			productName = RealmSwift;
		};
		424B6A7428046029009A043E /* YouTubeiOSPlayerHelper */ = {
			isa = XCSwiftPackageProductDependency;
			package = 424B6A7328046029009A043E /* XCRemoteSwiftPackageReference "youtube-ios-player-helper" */;
			productName = YouTubeiOSPlayerHelper;
		};
		425C9CDE2836805100D996F6 /* Toast */ = {
			isa = XCSwiftPackageProductDependency;
			package = 425C9CDD2836805100D996F6 /* XCRemoteSwiftPackageReference "Toast-Swift" */;
			productName = Toast;
		};
/* End XCSwiftPackageProductDependency section */
	};
	rootObject = 428B7D1128044D22003DBBB9 /* Project object */;
}
